{
  "requires": true,
  "lockfileVersion": 1,
  "dependencies": {
    "nan": {
      "version": "2.14.2",
      "resolved": "https://registry.npmjs.org/nan/-/nan-2.14.2.tgz",
      "integrity": "sha512-M2ufzIiINKCuDfBSAUr1vWQ+vuVcA9kqx8JJUsbQi6yf1uGRyb7HfpdfUr5qLXf3B/t8dPvcjhKMmlfnP47EzQ==",
      "dev": true
    },
    "tree-sitter-cli": {
      "version": "0.18.0",
      "resolved": "https://registry.npmjs.org/tree-sitter-cli/-/tree-sitter-cli-0.18.0.tgz",
      "integrity": "sha512-84cxdTVXpVZrfXTvr4wtjG4zLWcUoaRLhgzDinW/84FHEv12mtVfRndV3QV7omTzdzWWDvpfshPfkCOOZWEdog==",
      "dev": true
    },
    "tree-sitter-javascript": {
      "version": "0.16.0",
      "resolved": "https://registry.npmjs.org/tree-sitter-javascript/-/tree-sitter-javascript-0.16.0.tgz",
      "integrity": "sha512-ILPyI6ReQUsFIcOUfqdq1Gl71rmaGTRunRFkr4vxLFcnuBhKc8fXCiIClkNTcOclZ/DxRydqVQSrnmaDVzMRMA==",
      "dev": true,
      "requires": {
        "nan": "^2.12.1"
      }
    },
    "web-tree-sitter": {
      "version": "0.18.0",
      "resolved": "https://registry.npmjs.org/web-tree-sitter/-/web-tree-sitter-0.18.0.tgz",
      "integrity": "sha512-Zkgc8SkwcrUKqCqBwA4BqBl43ZBJdTfF2M5P7YdG57ix5IklJC3eqLPNsLjDd7f0jbJ9EJcQksdKifqzM1lN2Q=="
    }
  }
}
