{
  "name": "web-tree-sitter-sys",
  "lockfileVersion": 2,
  "requires": true,
  "packages": {
    "": {
      "dependencies": {
        "web-tree-sitter": "^0.19.0"
      },
      "devDependencies": {
        "tree-sitter-cli": "^0.19.0",
        "tree-sitter-javascript": "https://github.com/tree-sitter/tree-sitter-javascript"
      }
    },
    "node_modules/nan": {
      "version": "2.14.2",
      "resolved": "https://registry.npmjs.org/nan/-/nan-2.14.2.tgz",
      "integrity": "sha512-M2ufzIiINKCuDfBSAUr1vWQ+vuVcA9kqx8JJUsbQi6yf1uGRyb7HfpdfUr5qLXf3B/t8dPvcjhKMmlfnP47EzQ==",
      "dev": true
    },
    "node_modules/tree-sitter-cli": {
      "version": "0.19.5",
      "resolved": "https://registry.npmjs.org/tree-sitter-cli/-/tree-sitter-cli-0.19.5.tgz",
      "integrity": "sha512-kRzKrUAwpDN9AjA3b0tPBwT1hd8N2oQvvvHup2OEsX6mdsSMLmAvR+NSqK9fe05JrRbVvG8mbteNUQsxlMQohQ==",
      "dev": true,
      "hasInstallScript": true,
      "bin": {
        "tree-sitter": "cli.js"
      }
    },
    "node_modules/tree-sitter-javascript": {
      "version": "0.19.0",
      "resolved": "git+ssh://git@github.com/tree-sitter/tree-sitter-javascript.git#2c5b138ea488259dbf11a34595042eb261965259",
      "integrity": "sha512-348XK4Z5KR0K0+JiSqY2D/yUzF9EGspu2uxm8hQbK7C0V2QP6bakiOP6vnbNeJ4Hdptw6dRBGSx54bI3yuAa9Q==",
      "dev": true,
      "license": "MIT",
      "dependencies": {
        "nan": "^2.12.1"
      }
    },
    "node_modules/web-tree-sitter": {
      "version": "0.19.4",
      "resolved": "https://registry.npmjs.org/web-tree-sitter/-/web-tree-sitter-0.19.4.tgz",
      "integrity": "sha512-8G0xBj05hqZybCqBtW7RPZ/hWEtP3DiLTauQzGJZuZYfVRgw7qj7iaZ+8djNqJ4VPrdOO+pS2dR1JsTbsLxdYg=="
    }
  },
  "dependencies": {
    "nan": {
      "version": "2.14.2",
      "resolved": "https://registry.npmjs.org/nan/-/nan-2.14.2.tgz",
      "integrity": "sha512-M2ufzIiINKCuDfBSAUr1vWQ+vuVcA9kqx8JJUsbQi6yf1uGRyb7HfpdfUr5qLXf3B/t8dPvcjhKMmlfnP47EzQ==",
      "dev": true
    },
    "tree-sitter-cli": {
      "version": "0.19.5",
      "resolved": "https://registry.npmjs.org/tree-sitter-cli/-/tree-sitter-cli-0.19.5.tgz",
      "integrity": "sha512-kRzKrUAwpDN9AjA3b0tPBwT1hd8N2oQvvvHup2OEsX6mdsSMLmAvR+NSqK9fe05JrRbVvG8mbteNUQsxlMQohQ==",
      "dev": true
    },
    "tree-sitter-javascript": {
      "version": "git+ssh://git@github.com/tree-sitter/tree-sitter-javascript.git#2c5b138ea488259dbf11a34595042eb261965259",
      "integrity": "sha512-348XK4Z5KR0K0+JiSqY2D/yUzF9EGspu2uxm8hQbK7C0V2QP6bakiOP6vnbNeJ4Hdptw6dRBGSx54bI3yuAa9Q==",
      "dev": true,
      "from": "tree-sitter-javascript@github:tree-sitter/tree-sitter-javascript#2c5b138ea488259dbf11a34595042eb261965259",
      "requires": {
        "nan": "^2.12.1"
      }
    },
    "web-tree-sitter": {
      "version": "0.19.4",
      "resolved": "https://registry.npmjs.org/web-tree-sitter/-/web-tree-sitter-0.19.4.tgz",
      "integrity": "sha512-8G0xBj05hqZybCqBtW7RPZ/hWEtP3DiLTauQzGJZuZYfVRgw7qj7iaZ+8djNqJ4VPrdOO+pS2dR1JsTbsLxdYg=="
    }
  }
}
