{
  "name": "web-tree-sitter-sys",
  "lockfileVersion": 2,
  "requires": true,
  "packages": {
    "": {
      "dependencies": {
        "web-tree-sitter": "^0.19.0"
      },
      "devDependencies": {
        "tree-sitter-cli": "^0.19.0",
        "tree-sitter-javascript": "https://github.com/tree-sitter/tree-sitter-javascript"
      }
    },
    "node_modules/nan": {
      "version": "2.14.2",
      "resolved": "https://registry.npmjs.org/nan/-/nan-2.14.2.tgz",
      "integrity": "sha512-M2ufzIiINKCuDfBSAUr1vWQ+vuVcA9kqx8JJUsbQi6yf1uGRyb7HfpdfUr5qLXf3B/t8dPvcjhKMmlfnP47EzQ==",
      "dev": true
    },
    "node_modules/tree-sitter-cli": {
      "version": "0.19.4",
      "resolved": "https://registry.npmjs.org/tree-sitter-cli/-/tree-sitter-cli-0.19.4.tgz",
      "integrity": "sha512-p2kxjuoQeauXBu5eE+j7c5BMCRXmc17EiAswnnWn3ieUlHXBkA0Z7vRnaCSElDR34MhZnSgqgzuuzQk0cDqCjw==",
      "dev": true,
      "hasInstallScript": true,
      "bin": {
        "tree-sitter": "cli.js"
      }
    },
    "node_modules/tree-sitter-javascript": {
      "version": "0.19.0",
      "resolved": "git+ssh://git@github.com/tree-sitter/tree-sitter-javascript.git#6c8cfae935f67dd9e3a33982e5e06be0ece6399a",
      "integrity": "sha512-tRfQwCs4FyhnaoRn4GMtKERJWfD0NWDm2ltdkHtefNIdvdytaL5wHDyQuTbTMd59cMHAeeXMOQJjKkvo3Hc93A==",
      "dev": true,
      "license": "MIT",
      "dependencies": {
        "nan": "^2.12.1"
      }
    },
    "node_modules/web-tree-sitter": {
      "version": "0.19.3",
      "resolved": "https://registry.npmjs.org/web-tree-sitter/-/web-tree-sitter-0.19.3.tgz",
      "integrity": "sha512-iZry/BTbg0o4WDAnG417bBisGq+i2GghelRRjVe8Fd5IEwpWU8omfbUz4l/BP7YoLNGmaFPmmuP+Mg0uXAvS7A=="
    }
  },
  "dependencies": {
    "nan": {
      "version": "2.14.2",
      "resolved": "https://registry.npmjs.org/nan/-/nan-2.14.2.tgz",
      "integrity": "sha512-M2ufzIiINKCuDfBSAUr1vWQ+vuVcA9kqx8JJUsbQi6yf1uGRyb7HfpdfUr5qLXf3B/t8dPvcjhKMmlfnP47EzQ==",
      "dev": true
    },
    "tree-sitter-cli": {
      "version": "0.19.4",
      "resolved": "https://registry.npmjs.org/tree-sitter-cli/-/tree-sitter-cli-0.19.4.tgz",
      "integrity": "sha512-p2kxjuoQeauXBu5eE+j7c5BMCRXmc17EiAswnnWn3ieUlHXBkA0Z7vRnaCSElDR34MhZnSgqgzuuzQk0cDqCjw==",
      "dev": true
    },
    "tree-sitter-javascript": {
      "version": "git+ssh://git@github.com/tree-sitter/tree-sitter-javascript.git#6c8cfae935f67dd9e3a33982e5e06be0ece6399a",
      "integrity": "sha512-tRfQwCs4FyhnaoRn4GMtKERJWfD0NWDm2ltdkHtefNIdvdytaL5wHDyQuTbTMd59cMHAeeXMOQJjKkvo3Hc93A==",
      "dev": true,
      "from": "tree-sitter-javascript@github:tree-sitter/tree-sitter-javascript#6c8cfae935f67dd9e3a33982e5e06be0ece6399a",
      "requires": {
        "nan": "^2.12.1"
      }
    },
    "web-tree-sitter": {
      "version": "0.19.3",
      "resolved": "https://registry.npmjs.org/web-tree-sitter/-/web-tree-sitter-0.19.3.tgz",
      "integrity": "sha512-iZry/BTbg0o4WDAnG417bBisGq+i2GghelRRjVe8Fd5IEwpWU8omfbUz4l/BP7YoLNGmaFPmmuP+Mg0uXAvS7A=="
    }
  }
}
